
Microsoft Visual Studio Solution File, Format Version 12.00
# Visual Studio Version 17
VisualStudioVersion = 17.3.32901.215
MinimumVisualStudioVersion = 10.0.40219.1
Project("{FAE04EC0-301F-11D3-BF4B-00C04F79EFBC}") = "aytnethesaplama", "aytnethesaplama.csproj", "{1E68831E-CF69-4AA7-96A9-71C81E96848A}"
EndProject
Global
	GlobalSection(SolutionConfigurationPlatforms) = preSolution
		Debug|Any CPU = Debug|Any CPU
		Release|Any CPU = Release|Any CPU
	EndGlobalSection
	GlobalSection(ProjectConfigurationPlatforms) = postSolution
		{1E68831E-CF69-4AA7-96A9-71C81E96848A}.Debug|Any CPU.ActiveCfg = Debug|Any CPU
		{1E68831E-CF69-4AA7-96A9-71C81E96848A}.Debug|Any CPU.Build.0 = Debug|Any CPU
		{1E68831E-CF69-4AA7-96A9-71C81E96848A}.Release|Any CPU.ActiveCfg = Release|Any CPU
		{1E68831E-CF69-4AA7-96A9-71C81E96848A}.Release|Any CPU.Build.0 = Release|Any CPU
	EndGlobalSection
	GlobalSection(SolutionProperties) = preSolution
		HideSolutionNode = FALSE
	EndGlobalSection
	GlobalSection(ExtensibilityGlobals) = postSolution
		SolutionGuid = {75E8FBFF-F765-4321-BF5E-0317F60AAFF1}
	EndGlobalSection
EndGlobal
